
Microsoft Visual Studio Solution File, Format Version 12.00
# Visual Studio 15
VisualStudioVersion = 15.0.27703.1
MinimumVisualStudioVersion = 10.0.40219.1
Project("{FAE04EC0-301F-11D3-BF4B-00C04F79EFBC}") = "chat-proto.Android", "chat-proto\chat-proto.Android\chat-proto.Android.csproj", "{56AA77A3-1313-47B9-8A44-013230A328AE}"
EndProject
Project("{FAE04EC0-301F-11D3-BF4B-00C04F79EFBC}") = "chat-proto.iOS", "chat-proto\chat-proto.iOS\chat-proto.iOS.csproj", "{8632FF0F-6D4F-4D17-AC0E-35F8A90EA5CD}"
EndProject
Project("{FAE04EC0-301F-11D3-BF4B-00C04F79EFBC}") = "chat-proto", "chat-proto\chat-proto\chat-proto.csproj", "{AECBE4B4-12BD-4F9B-8481-4CD6E12E6751}"
EndProject
Global
	GlobalSection(SolutionConfigurationPlatforms) = preSolution
		Ad-Hoc|Any CPU = Ad-Hoc|Any CPU
		Ad-Hoc|iPhone = Ad-Hoc|iPhone
		Ad-Hoc|iPhoneSimulator = Ad-Hoc|iPhoneSimulator
		AppStore|Any CPU = AppStore|Any CPU
		AppStore|iPhone = AppStore|iPhone
		AppStore|iPhoneSimulator = AppStore|iPhoneSimulator
		Debug|Any CPU = Debug|Any CPU
		Debug|iPhone = Debug|iPhone
		Debug|iPhoneSimulator = Debug|iPhoneSimulator
		Release|Any CPU = Release|Any CPU
		Release|iPhone = Release|iPhone
		Release|iPhoneSimulator = Release|iPhoneSimulator
	EndGlobalSection
	GlobalSection(ProjectConfigurationPlatforms) = postSolution
		{56AA77A3-1313-47B9-8A44-013230A328AE}.Ad-Hoc|Any CPU.ActiveCfg = Release|Any CPU
		{56AA77A3-1313-47B9-8A44-013230A328AE}.Ad-Hoc|Any CPU.Build.0 = Release|Any CPU
		{56AA77A3-1313-47B9-8A44-013230A328AE}.Ad-Hoc|Any CPU.Deploy.0 = Release|Any CPU
		{56AA77A3-1313-47B9-8A44-013230A328AE}.Ad-Hoc|iPhone.ActiveCfg = Release|Any CPU
		{56AA77A3-1313-47B9-8A44-013230A328AE}.Ad-Hoc|iPhone.Build.0 = Release|Any CPU
		{56AA77A3-1313-47B9-8A44-013230A328AE}.Ad-Hoc|iPhone.Deploy.0 = Release|Any CPU
		{56AA77A3-1313-47B9-8A44-013230A328AE}.Ad-Hoc|iPhoneSimulator.ActiveCfg = Release|Any CPU
		{56AA77A3-1313-47B9-8A44-013230A328AE}.Ad-Hoc|iPhoneSimulator.Build.0 = Release|Any CPU
		{56AA77A3-1313-47B9-8A44-013230A328AE}.Ad-Hoc|iPhoneSimulator.Deploy.0 = Release|Any CPU
		{56AA77A3-1313-47B9-8A44-013230A328AE}.AppStore|Any CPU.ActiveCfg = Release|Any CPU
		{56AA77A3-1313-47B9-8A44-013230A328AE}.AppStore|Any CPU.Build.0 = Release|Any CPU
		{56AA77A3-1313-47B9-8A44-013230A328AE}.AppStore|Any CPU.Deploy.0 = Release|Any CPU
		{56AA77A3-1313-47B9-8A44-013230A328AE}.AppStore|iPhone.ActiveCfg = Release|Any CPU
		{56AA77A3-1313-47B9-8A44-013230A328AE}.AppStore|iPhone.Build.0 = Release|Any CPU
		{56AA77A3-1313-47B9-8A44-013230A328AE}.AppStore|iPhone.Deploy.0 = Release|Any CPU
		{56AA77A3-1313-47B9-8A44-013230A328AE}.AppStore|iPhoneSimulator.ActiveCfg = Release|Any CPU
		{56AA77A3-1313-47B9-8A44-013230A328AE}.AppStore|iPhoneSimulator.Build.0 = Release|Any CPU
		{56AA77A3-1313-47B9-8A44-013230A328AE}.AppStore|iPhoneSimulator.Deploy.0 = Release|Any CPU
		{56AA77A3-1313-47B9-8A44-013230A328AE}.Debug|Any CPU.ActiveCfg = Debug|Any CPU
		{56AA77A3-1313-47B9-8A44-013230A328AE}.Debug|Any CPU.Build.0 = Debug|Any CPU
		{56AA77A3-1313-47B9-8A44-013230A328AE}.Debug|Any CPU.Deploy.0 = Debug|Any CPU
		{56AA77A3-1313-47B9-8A44-013230A328AE}.Debug|iPhone.ActiveCfg = Debug|Any CPU
		{56AA77A3-1313-47B9-8A44-013230A328AE}.Debug|iPhone.Build.0 = Debug|Any CPU
		{56AA77A3-1313-47B9-8A44-013230A328AE}.Debug|iPhone.Deploy.0 = Debug|Any CPU
		{56AA77A3-1313-47B9-8A44-013230A328AE}.Debug|iPhoneSimulator.ActiveCfg = Debug|Any CPU
		{56AA77A3-1313-47B9-8A44-013230A328AE}.Debug|iPhoneSimulator.Build.0 = Debug|Any CPU
		{56AA77A3-1313-47B9-8A44-013230A328AE}.Debug|iPhoneSimulator.Deploy.0 = Debug|Any CPU
		{56AA77A3-1313-47B9-8A44-013230A328AE}.Release|Any CPU.ActiveCfg = Release|Any CPU
		{56AA77A3-1313-47B9-8A44-013230A328AE}.Release|Any CPU.Build.0 = Release|Any CPU
		{56AA77A3-1313-47B9-8A44-013230A328AE}.Release|Any CPU.Deploy.0 = Release|Any CPU
		{56AA77A3-1313-47B9-8A44-013230A328AE}.Release|iPhone.ActiveCfg = Release|Any CPU
		{56AA77A3-1313-47B9-8A44-013230A328AE}.Release|iPhone.Build.0 = Release|Any CPU
		{56AA77A3-1313-47B9-8A44-013230A328AE}.Release|iPhone.Deploy.0 = Release|Any CPU
		{56AA77A3-1313-47B9-8A44-013230A328AE}.Release|iPhoneSimulator.ActiveCfg = Release|Any CPU
		{56AA77A3-1313-47B9-8A44-013230A328AE}.Release|iPhoneSimulator.Build.0 = Release|Any CPU
		{56AA77A3-1313-47B9-8A44-013230A328AE}.Release|iPhoneSimulator.Deploy.0 = Release|Any CPU
		{8632FF0F-6D4F-4D17-AC0E-35F8A90EA5CD}.Ad-Hoc|Any CPU.ActiveCfg = Ad-Hoc|iPhone
		{8632FF0F-6D4F-4D17-AC0E-35F8A90EA5CD}.Ad-Hoc|Any CPU.Build.0 = Ad-Hoc|iPhone
		{8632FF0F-6D4F-4D17-AC0E-35F8A90EA5CD}.Ad-Hoc|Any CPU.Deploy.0 = Ad-Hoc|iPhone
		{8632FF0F-6D4F-4D17-AC0E-35F8A90EA5CD}.Ad-Hoc|iPhone.ActiveCfg = Ad-Hoc|iPhone
		{8632FF0F-6D4F-4D17-AC0E-35F8A90EA5CD}.Ad-Hoc|iPhone.Build.0 = Ad-Hoc|iPhone
		{8632FF0F-6D4F-4D17-AC0E-35F8A90EA5CD}.Ad-Hoc|iPhone.Deploy.0 = Ad-Hoc|iPhone
		{8632FF0F-6D4F-4D17-AC0E-35F8A90EA5CD}.Ad-Hoc|iPhoneSimulator.ActiveCfg = Ad-Hoc|iPhoneSimulator
		{8632FF0F-6D4F-4D17-AC0E-35F8A90EA5CD}.Ad-Hoc|iPhoneSimulator.Build.0 = Ad-Hoc|iPhoneSimulator
		{8632FF0F-6D4F-4D17-AC0E-35F8A90EA5CD}.Ad-Hoc|iPhoneSimulator.Deploy.0 = Ad-Hoc|iPhoneSimulator
		{8632FF0F-6D4F-4D17-AC0E-35F8A90EA5CD}.AppStore|Any CPU.ActiveCfg = AppStore|iPhone
		{8632FF0F-6D4F-4D17-AC0E-35F8A90EA5CD}.AppStore|Any CPU.Build.0 = AppStore|iPhone
		{8632FF0F-6D4F-4D17-AC0E-35F8A90EA5CD}.AppStore|Any CPU.Deploy.0 = AppStore|iPhone
		{8632FF0F-6D4F-4D17-AC0E-35F8A90EA5CD}.AppStore|iPhone.ActiveCfg = AppStore|iPhone
		{8632FF0F-6D4F-4D17-AC0E-35F8A90EA5CD}.AppStore|iPhone.Build.0 = AppStore|iPhone
		{8632FF0F-6D4F-4D17-AC0E-35F8A90EA5CD}.AppStore|iPhone.Deploy.0 = AppStore|iPhone
		{8632FF0F-6D4F-4D17-AC0E-35F8A90EA5CD}.AppStore|iPhoneSimulator.ActiveCfg = AppStore|iPhoneSimulator
		{8632FF0F-6D4F-4D17-AC0E-35F8A90EA5CD}.AppStore|iPhoneSimulator.Build.0 = AppStore|iPhoneSimulator
		{8632FF0F-6D4F-4D17-AC0E-35F8A90EA5CD}.AppStore|iPhoneSimulator.Deploy.0 = AppStore|iPhoneSimulator
		{8632FF0F-6D4F-4D17-AC0E-35F8A90EA5CD}.Debug|Any CPU.ActiveCfg = Debug|iPhoneSimulator
		{8632FF0F-6D4F-4D17-AC0E-35F8A90EA5CD}.Debug|Any CPU.Build.0 = Debug|iPhoneSimulator
		{8632FF0F-6D4F-4D17-AC0E-35F8A90EA5CD}.Debug|Any CPU.Deploy.0 = Debug|iPhoneSimulator
		{8632FF0F-6D4F-4D17-AC0E-35F8A90EA5CD}.Debug|iPhone.ActiveCfg = Debug|iPhone
		{8632FF0F-6D4F-4D17-AC0E-35F8A90EA5CD}.Debug|iPhone.Build.0 = Debug|iPhone
		{8632FF0F-6D4F-4D17-AC0E-35F8A90EA5CD}.Debug|iPhone.Deploy.0 = Debug|iPhone
		{8632FF0F-6D4F-4D17-AC0E-35F8A90EA5CD}.Debug|iPhoneSimulator.ActiveCfg = Debug|iPhoneSimulator
		{8632FF0F-6D4F-4D17-AC0E-35F8A90EA5CD}.Debug|iPhoneSimulator.Build.0 = Debug|iPhoneSimulator
		{8632FF0F-6D4F-4D17-AC0E-35F8A90EA5CD}.Debug|iPhoneSimulator.Deploy.0 = Debug|iPhoneSimulator
		{8632FF0F-6D4F-4D17-AC0E-35F8A90EA5CD}.Release|Any CPU.ActiveCfg = Release|iPhone
		{8632FF0F-6D4F-4D17-AC0E-35F8A90EA5CD}.Release|Any CPU.Build.0 = Release|iPhone
		{8632FF0F-6D4F-4D17-AC0E-35F8A90EA5CD}.Release|Any CPU.Deploy.0 = Release|iPhone
		{8632FF0F-6D4F-4D17-AC0E-35F8A90EA5CD}.Release|iPhone.ActiveCfg = Release|iPhone
		{8632FF0F-6D4F-4D17-AC0E-35F8A90EA5CD}.Release|iPhone.Build.0 = Release|iPhone
		{8632FF0F-6D4F-4D17-AC0E-35F8A90EA5CD}.Release|iPhone.Deploy.0 = Release|iPhone
		{8632FF0F-6D4F-4D17-AC0E-35F8A90EA5CD}.Release|iPhoneSimulator.ActiveCfg = Release|iPhoneSimulator
		{8632FF0F-6D4F-4D17-AC0E-35F8A90EA5CD}.Release|iPhoneSimulator.Build.0 = Release|iPhoneSimulator
		{8632FF0F-6D4F-4D17-AC0E-35F8A90EA5CD}.Release|iPhoneSimulator.Deploy.0 = Release|iPhoneSimulator
		{AECBE4B4-12BD-4F9B-8481-4CD6E12E6751}.Ad-Hoc|Any CPU.ActiveCfg = Debug|Any CPU
		{AECBE4B4-12BD-4F9B-8481-4CD6E12E6751}.Ad-Hoc|Any CPU.Build.0 = Debug|Any CPU
		{AECBE4B4-12BD-4F9B-8481-4CD6E12E6751}.Ad-Hoc|Any CPU.Deploy.0 = Debug|Any CPU
		{AECBE4B4-12BD-4F9B-8481-4CD6E12E6751}.Ad-Hoc|iPhone.ActiveCfg = Debug|Any CPU
		{AECBE4B4-12BD-4F9B-8481-4CD6E12E6751}.Ad-Hoc|iPhone.Build.0 = Debug|Any CPU
		{AECBE4B4-12BD-4F9B-8481-4CD6E12E6751}.Ad-Hoc|iPhone.Deploy.0 = Debug|Any CPU
		{AECBE4B4-12BD-4F9B-8481-4CD6E12E6751}.Ad-Hoc|iPhoneSimulator.ActiveCfg = Debug|Any CPU
		{AECBE4B4-12BD-4F9B-8481-4CD6E12E6751}.Ad-Hoc|iPhoneSimulator.Build.0 = Debug|Any CPU
		{AECBE4B4-12BD-4F9B-8481-4CD6E12E6751}.Ad-Hoc|iPhoneSimulator.Deploy.0 = Debug|Any CPU
		{AECBE4B4-12BD-4F9B-8481-4CD6E12E6751}.AppStore|Any CPU.ActiveCfg = Debug|Any CPU
		{AECBE4B4-12BD-4F9B-8481-4CD6E12E6751}.AppStore|Any CPU.Build.0 = Debug|Any CPU
		{AECBE4B4-12BD-4F9B-8481-4CD6E12E6751}.AppStore|Any CPU.Deploy.0 = Debug|Any CPU
		{AECBE4B4-12BD-4F9B-8481-4CD6E12E6751}.AppStore|iPhone.ActiveCfg = Debug|Any CPU
		{AECBE4B4-12BD-4F9B-8481-4CD6E12E6751}.AppStore|iPhone.Build.0 = Debug|Any CPU
		{AECBE4B4-12BD-4F9B-8481-4CD6E12E6751}.AppStore|iPhone.Deploy.0 = Debug|Any CPU
		{AECBE4B4-12BD-4F9B-8481-4CD6E12E6751}.AppStore|iPhoneSimulator.ActiveCfg = Debug|Any CPU
		{AECBE4B4-12BD-4F9B-8481-4CD6E12E6751}.AppStore|iPhoneSimulator.Build.0 = Debug|Any CPU
		{AECBE4B4-12BD-4F9B-8481-4CD6E12E6751}.AppStore|iPhoneSimulator.Deploy.0 = Debug|Any CPU
		{AECBE4B4-12BD-4F9B-8481-4CD6E12E6751}.Debug|Any CPU.ActiveCfg = Debug|Any CPU
		{AECBE4B4-12BD-4F9B-8481-4CD6E12E6751}.Debug|Any CPU.Build.0 = Debug|Any CPU
		{AECBE4B4-12BD-4F9B-8481-4CD6E12E6751}.Debug|Any CPU.Deploy.0 = Debug|Any CPU
		{AECBE4B4-12BD-4F9B-8481-4CD6E12E6751}.Debug|iPhone.ActiveCfg = Debug|Any CPU
		{AECBE4B4-12BD-4F9B-8481-4CD6E12E6751}.Debug|iPhone.Build.0 = Debug|Any CPU
		{AECBE4B4-12BD-4F9B-8481-4CD6E12E6751}.Debug|iPhone.Deploy.0 = Debug|Any CPU
		{AECBE4B4-12BD-4F9B-8481-4CD6E12E6751}.Debug|iPhoneSimulator.ActiveCfg = Debug|Any CPU
		{AECBE4B4-12BD-4F9B-8481-4CD6E12E6751}.Debug|iPhoneSimulator.Build.0 = Debug|Any CPU
		{AECBE4B4-12BD-4F9B-8481-4CD6E12E6751}.Debug|iPhoneSimulator.Deploy.0 = Debug|Any CPU
		{AECBE4B4-12BD-4F9B-8481-4CD6E12E6751}.Release|Any CPU.ActiveCfg = Release|Any CPU
		{AECBE4B4-12BD-4F9B-8481-4CD6E12E6751}.Release|Any CPU.Build.0 = Release|Any CPU
		{AECBE4B4-12BD-4F9B-8481-4CD6E12E6751}.Release|Any CPU.Deploy.0 = Release|Any CPU
		{AECBE4B4-12BD-4F9B-8481-4CD6E12E6751}.Release|iPhone.ActiveCfg = Release|Any CPU
		{AECBE4B4-12BD-4F9B-8481-4CD6E12E6751}.Release|iPhone.Build.0 = Release|Any CPU
		{AECBE4B4-12BD-4F9B-8481-4CD6E12E6751}.Release|iPhone.Deploy.0 = Release|Any CPU
		{AECBE4B4-12BD-4F9B-8481-4CD6E12E6751}.Release|iPhoneSimulator.ActiveCfg = Release|Any CPU
		{AECBE4B4-12BD-4F9B-8481-4CD6E12E6751}.Release|iPhoneSimulator.Build.0 = Release|Any CPU
		{AECBE4B4-12BD-4F9B-8481-4CD6E12E6751}.Release|iPhoneSimulator.Deploy.0 = Release|Any CPU
	EndGlobalSection
	GlobalSection(SolutionProperties) = preSolution
		HideSolutionNode = FALSE
	EndGlobalSection
	GlobalSection(ExtensibilityGlobals) = postSolution
		SolutionGuid = {001AC577-2D3D-4515-972D-C6A378CB5828}
	EndGlobalSection
EndGlobal
